
Microsoft Visual Studio Solution File, Format Version 12.00
# Visual Studio 15
VisualStudioVersion = 15.0.28307.136
MinimumVisualStudioVersion = 10.0.40219.1
Project("{FAE04EC0-301F-11D3-BF4B-00C04F79EFBC}") = "LOD_Runner_2", "LOD_Runner_2\LOD_Runner_2.csproj", "{EA696347-2FCE-49F7-B126-F12E4720EE62}"
EndProject
Global
	GlobalSection(SolutionConfigurationPlatforms) = preSolution
		Debug|Any CPU = Debug|Any CPU
		Release|Any CPU = Release|Any CPU
	EndGlobalSection
	GlobalSection(ProjectConfigurationPlatforms) = postSolution
		{EA696347-2FCE-49F7-B126-F12E4720EE62}.Debug|Any CPU.ActiveCfg = Debug|Any CPU
		{EA696347-2FCE-49F7-B126-F12E4720EE62}.Debug|Any CPU.Build.0 = Debug|Any CPU
		{EA696347-2FCE-49F7-B126-F12E4720EE62}.Release|Any CPU.ActiveCfg = Release|Any CPU
		{EA696347-2FCE-49F7-B126-F12E4720EE62}.Release|Any CPU.Build.0 = Release|Any CPU
	EndGlobalSection
	GlobalSection(SolutionProperties) = preSolution
		HideSolutionNode = FALSE
	EndGlobalSection
	GlobalSection(ExtensibilityGlobals) = postSolution
		SolutionGuid = {0A87CAD4-C5E3-41B9-A164-BBA7FEE8D6DE}
	EndGlobalSection
EndGlobal
